// !$*UTF8*$!
{
	archiveVersion = 1;
	classes = {
	};
	objectVersion = 50;
	objects = {

/* Begin PBXBuildFile section */
		2AE0A49226252C2400B30DF7 /* pokemonListApp.swift in Sources */ = {isa = PBXBuildFile; fileRef = 2AE0A49126252C2400B30DF7 /* pokemonListApp.swift */; };
		2AE0A49426252C2400B30DF7 /* ContentView.swift in Sources */ = {isa = PBXBuildFile; fileRef = 2AE0A49326252C2400B30DF7 /* ContentView.swift */; };
		2AE0A49626252C2700B30DF7 /* Assets.xcassets in Resources */ = {isa = PBXBuildFile; fileRef = 2AE0A49526252C2700B30DF7 /* Assets.xcassets */; };
		2AE0A49926252C2700B30DF7 /* Preview Assets.xcassets in Resources */ = {isa = PBXBuildFile; fileRef = 2AE0A49826252C2700B30DF7 /* Preview Assets.xcassets */; };
		2AE0A4A426252C2700B30DF7 /* pokemonListTests.swift in Sources */ = {isa = PBXBuildFile; fileRef = 2AE0A4A326252C2700B30DF7 /* pokemonListTests.swift */; };
		2AE0A4AF26252C2700B30DF7 /* pokemonListUITests.swift in Sources */ = {isa = PBXBuildFile; fileRef = 2AE0A4AE26252C2700B30DF7 /* pokemonListUITests.swift */; };
		2AE0A4C426252C4700B30DF7 /* PokemonService.swift in Sources */ = {isa = PBXBuildFile; fileRef = 2AE0A4C326252C4700B30DF7 /* PokemonService.swift */; };
		2AE0A4CD26252F7700B30DF7 /* PokemonResults.swift in Sources */ = {isa = PBXBuildFile; fileRef = 2AE0A4CC26252F7700B30DF7 /* PokemonResults.swift */; };
		2AE0A4D8262531C000B30DF7 /* PokemonListModel.swift in Sources */ = {isa = PBXBuildFile; fileRef = 2AE0A4D7262531C000B30DF7 /* PokemonListModel.swift */; };
		2AE0A4DD2625328500B30DF7 /* PokemonDetailModel.swift in Sources */ = {isa = PBXBuildFile; fileRef = 2AE0A4DC2625328500B30DF7 /* PokemonDetailModel.swift */; };
		2AE0A4E326266B6700B30DF7 /* PokemonDetailView.swift in Sources */ = {isa = PBXBuildFile; fileRef = 2AE0A4E226266B6700B30DF7 /* PokemonDetailView.swift */; };
		2AE0A4E826266D2400B30DF7 /* PokemonDetailService.swift in Sources */ = {isa = PBXBuildFile; fileRef = 2AE0A4E726266D2400B30DF7 /* PokemonDetailService.swift */; };
/* End PBXBuildFile section */

/* Begin PBXContainerItemProxy section */
		2AE0A4A026252C2700B30DF7 /* PBXContainerItemProxy */ = {
			isa = PBXContainerItemProxy;
			containerPortal = 2AE0A48626252C2400B30DF7 /* Project object */;
			proxyType = 1;
			remoteGlobalIDString = 2AE0A48D26252C2400B30DF7;
			remoteInfo = pokemonList;
		};
		2AE0A4AB26252C2700B30DF7 /* PBXContainerItemProxy */ = {
			isa = PBXContainerItemProxy;
			containerPortal = 2AE0A48626252C2400B30DF7 /* Project object */;
			proxyType = 1;
			remoteGlobalIDString = 2AE0A48D26252C2400B30DF7;
			remoteInfo = pokemonList;
		};
/* End PBXContainerItemProxy section */

/* Begin PBXFileReference section */
		2AE0A48E26252C2400B30DF7 /* pokemonList.app */ = {isa = PBXFileReference; explicitFileType = wrapper.application; includeInIndex = 0; path = pokemonList.app; sourceTree = BUILT_PRODUCTS_DIR; };
		2AE0A49126252C2400B30DF7 /* pokemonListApp.swift */ = {isa = PBXFileReference; lastKnownFileType = sourcecode.swift; path = pokemonListApp.swift; sourceTree = "<group>"; };
		2AE0A49326252C2400B30DF7 /* ContentView.swift */ = {isa = PBXFileReference; lastKnownFileType = sourcecode.swift; path = ContentView.swift; sourceTree = "<group>"; };
		2AE0A49526252C2700B30DF7 /* Assets.xcassets */ = {isa = PBXFileReference; lastKnownFileType = folder.assetcatalog; path = Assets.xcassets; sourceTree = "<group>"; };
		2AE0A49826252C2700B30DF7 /* Preview Assets.xcassets */ = {isa = PBXFileReference; lastKnownFileType = folder.assetcatalog; path = "Preview Assets.xcassets"; sourceTree = "<group>"; };
		2AE0A49A26252C2700B30DF7 /* Info.plist */ = {isa = PBXFileReference; lastKnownFileType = text.plist.xml; path = Info.plist; sourceTree = "<group>"; };
		2AE0A49F26252C2700B30DF7 /* pokemonListTests.xctest */ = {isa = PBXFileReference; explicitFileType = wrapper.cfbundle; includeInIndex = 0; path = pokemonListTests.xctest; sourceTree = BUILT_PRODUCTS_DIR; };
		2AE0A4A326252C2700B30DF7 /* pokemonListTests.swift */ = {isa = PBXFileReference; lastKnownFileType = sourcecode.swift; path = pokemonListTests.swift; sourceTree = "<group>"; };
		2AE0A4A526252C2700B30DF7 /* Info.plist */ = {isa = PBXFileReference; lastKnownFileType = text.plist.xml; path = Info.plist; sourceTree = "<group>"; };
		2AE0A4AA26252C2700B30DF7 /* pokemonListUITests.xctest */ = {isa = PBXFileReference; explicitFileType = wrapper.cfbundle; includeInIndex = 0; path = pokemonListUITests.xctest; sourceTree = BUILT_PRODUCTS_DIR; };
		2AE0A4AE26252C2700B30DF7 /* pokemonListUITests.swift */ = {isa = PBXFileReference; lastKnownFileType = sourcecode.swift; path = pokemonListUITests.swift; sourceTree = "<group>"; };
		2AE0A4B026252C2700B30DF7 /* Info.plist */ = {isa = PBXFileReference; lastKnownFileType = text.plist.xml; path = Info.plist; sourceTree = "<group>"; };
		2AE0A4C326252C4700B30DF7 /* PokemonService.swift */ = {isa = PBXFileReference; lastKnownFileType = sourcecode.swift; path = PokemonService.swift; sourceTree = "<group>"; };
		2AE0A4CC26252F7700B30DF7 /* PokemonResults.swift */ = {isa = PBXFileReference; lastKnownFileType = sourcecode.swift; path = PokemonResults.swift; sourceTree = "<group>"; };
		2AE0A4D7262531C000B30DF7 /* PokemonListModel.swift */ = {isa = PBXFileReference; lastKnownFileType = sourcecode.swift; path = PokemonListModel.swift; sourceTree = "<group>"; };
		2AE0A4DC2625328500B30DF7 /* PokemonDetailModel.swift */ = {isa = PBXFileReference; lastKnownFileType = sourcecode.swift; path = PokemonDetailModel.swift; sourceTree = "<group>"; };
		2AE0A4E226266B6700B30DF7 /* PokemonDetailView.swift */ = {isa = PBXFileReference; lastKnownFileType = sourcecode.swift; path = PokemonDetailView.swift; sourceTree = "<group>"; };
		2AE0A4E726266D2400B30DF7 /* PokemonDetailService.swift */ = {isa = PBXFileReference; lastKnownFileType = sourcecode.swift; path = PokemonDetailService.swift; sourceTree = "<group>"; };
/* End PBXFileReference section */

/* Begin PBXFrameworksBuildPhase section */
		2AE0A48B26252C2400B30DF7 /* Frameworks */ = {
			isa = PBXFrameworksBuildPhase;
			buildActionMask = 2147483647;
			files = (
			);
			runOnlyForDeploymentPostprocessing = 0;
		};
		2AE0A49C26252C2700B30DF7 /* Frameworks */ = {
			isa = PBXFrameworksBuildPhase;
			buildActionMask = 2147483647;
			files = (
			);
			runOnlyForDeploymentPostprocessing = 0;
		};
		2AE0A4A726252C2700B30DF7 /* Frameworks */ = {
			isa = PBXFrameworksBuildPhase;
			buildActionMask = 2147483647;
			files = (
			);
			runOnlyForDeploymentPostprocessing = 0;
		};
/* End PBXFrameworksBuildPhase section */

/* Begin PBXGroup section */
		2AE0A48526252C2400B30DF7 = {
			isa = PBXGroup;
			children = (
				2AE0A49026252C2400B30DF7 /* pokemonList */,
				2AE0A4A226252C2700B30DF7 /* pokemonListTests */,
				2AE0A4AD26252C2700B30DF7 /* pokemonListUITests */,
				2AE0A48F26252C2400B30DF7 /* Products */,
			);
			sourceTree = "<group>";
		};
		2AE0A48F26252C2400B30DF7 /* Products */ = {
			isa = PBXGroup;
			children = (
				2AE0A48E26252C2400B30DF7 /* pokemonList.app */,
				2AE0A49F26252C2700B30DF7 /* pokemonListTests.xctest */,
				2AE0A4AA26252C2700B30DF7 /* pokemonListUITests.xctest */,
			);
			name = Products;
			sourceTree = "<group>";
		};
		2AE0A49026252C2400B30DF7 /* pokemonList */ = {
			isa = PBXGroup;
			children = (
				2AE0A4E126266B2C00B30DF7 /* Views */,
				2AE0A4CB26252F6900B30DF7 /* Models */,
				2AE0A4BF26252C3100B30DF7 /* Services */,
				2AE0A49126252C2400B30DF7 /* pokemonListApp.swift */,
				2AE0A49326252C2400B30DF7 /* ContentView.swift */,
				2AE0A49526252C2700B30DF7 /* Assets.xcassets */,
				2AE0A49A26252C2700B30DF7 /* Info.plist */,
				2AE0A49726252C2700B30DF7 /* Preview Content */,
			);
			path = pokemonList;
			sourceTree = "<group>";
		};
		2AE0A49726252C2700B30DF7 /* Preview Content */ = {
			isa = PBXGroup;
			children = (
				2AE0A49826252C2700B30DF7 /* Preview Assets.xcassets */,
			);
			path = "Preview Content";
			sourceTree = "<group>";
		};
		2AE0A4A226252C2700B30DF7 /* pokemonListTests */ = {
			isa = PBXGroup;
			children = (
				2AE0A4A326252C2700B30DF7 /* pokemonListTests.swift */,
				2AE0A4A526252C2700B30DF7 /* Info.plist */,
			);
			path = pokemonListTests;
			sourceTree = "<group>";
		};
		2AE0A4AD26252C2700B30DF7 /* pokemonListUITests */ = {
			isa = PBXGroup;
			children = (
				2AE0A4AE26252C2700B30DF7 /* pokemonListUITests.swift */,
				2AE0A4B026252C2700B30DF7 /* Info.plist */,
			);
			path = pokemonListUITests;
			sourceTree = "<group>";
		};
		2AE0A4BF26252C3100B30DF7 /* Services */ = {
			isa = PBXGroup;
			children = (
				2AE0A4C326252C4700B30DF7 /* PokemonService.swift */,
				2AE0A4E726266D2400B30DF7 /* PokemonDetailService.swift */,
			);
			path = Services;
			sourceTree = "<group>";
		};
		2AE0A4CB26252F6900B30DF7 /* Models */ = {
			isa = PBXGroup;
			children = (
				2AE0A4CC26252F7700B30DF7 /* PokemonResults.swift */,
				2AE0A4D7262531C000B30DF7 /* PokemonListModel.swift */,
				2AE0A4DC2625328500B30DF7 /* PokemonDetailModel.swift */,
			);
			path = Models;
			sourceTree = "<group>";
		};
		2AE0A4E126266B2C00B30DF7 /* Views */ = {
			isa = PBXGroup;
			children = (
				2AE0A4E226266B6700B30DF7 /* PokemonDetailView.swift */,
			);
			path = Views;
			sourceTree = "<group>";
		};
/* End PBXGroup section */

/* Begin PBXNativeTarget section */
		2AE0A48D26252C2400B30DF7 /* pokemonList */ = {
			isa = PBXNativeTarget;
			buildConfigurationList = 2AE0A4B326252C2700B30DF7 /* Build configuration list for PBXNativeTarget "pokemonList" */;
			buildPhases = (
				2AE0A48A26252C2400B30DF7 /* Sources */,
				2AE0A48B26252C2400B30DF7 /* Frameworks */,
				2AE0A48C26252C2400B30DF7 /* Resources */,
			);
			buildRules = (
			);
			dependencies = (
			);
			name = pokemonList;
			productName = pokemonList;
			productReference = 2AE0A48E26252C2400B30DF7 /* pokemonList.app */;
			productType = "com.apple.product-type.application";
		};
		2AE0A49E26252C2700B30DF7 /* pokemonListTests */ = {
			isa = PBXNativeTarget;
			buildConfigurationList = 2AE0A4B626252C2700B30DF7 /* Build configuration list for PBXNativeTarget "pokemonListTests" */;
			buildPhases = (
				2AE0A49B26252C2700B30DF7 /* Sources */,
				2AE0A49C26252C2700B30DF7 /* Frameworks */,
				2AE0A49D26252C2700B30DF7 /* Resources */,
			);
			buildRules = (
			);
			dependencies = (
				2AE0A4A126252C2700B30DF7 /* PBXTargetDependency */,
			);
			name = pokemonListTests;
			productName = pokemonListTests;
			productReference = 2AE0A49F26252C2700B30DF7 /* pokemonListTests.xctest */;
			productType = "com.apple.product-type.bundle.unit-test";
		};
		2AE0A4A926252C2700B30DF7 /* pokemonListUITests */ = {
			isa = PBXNativeTarget;
			buildConfigurationList = 2AE0A4B926252C2700B30DF7 /* Build configuration list for PBXNativeTarget "pokemonListUITests" */;
			buildPhases = (
				2AE0A4A626252C2700B30DF7 /* Sources */,
				2AE0A4A726252C2700B30DF7 /* Frameworks */,
				2AE0A4A826252C2700B30DF7 /* Resources */,
			);
			buildRules = (
			);
			dependencies = (
				2AE0A4AC26252C2700B30DF7 /* PBXTargetDependency */,
			);
			name = pokemonListUITests;
			productName = pokemonListUITests;
			productReference = 2AE0A4AA26252C2700B30DF7 /* pokemonListUITests.xctest */;
			productType = "com.apple.product-type.bundle.ui-testing";
		};
/* End PBXNativeTarget section */

/* Begin PBXProject section */
		2AE0A48626252C2400B30DF7 /* Project object */ = {
			isa = PBXProject;
			attributes = {
				LastSwiftUpdateCheck = 1240;
				LastUpgradeCheck = 1240;
				TargetAttributes = {
					2AE0A48D26252C2400B30DF7 = {
						CreatedOnToolsVersion = 12.4;
					};
					2AE0A49E26252C2700B30DF7 = {
						CreatedOnToolsVersion = 12.4;
						TestTargetID = 2AE0A48D26252C2400B30DF7;
					};
					2AE0A4A926252C2700B30DF7 = {
						CreatedOnToolsVersion = 12.4;
						TestTargetID = 2AE0A48D26252C2400B30DF7;
					};
				};
			};
			buildConfigurationList = 2AE0A48926252C2400B30DF7 /* Build configuration list for PBXProject "pokemonList" */;
			compatibilityVersion = "Xcode 9.3";
			developmentRegion = en;
			hasScannedForEncodings = 0;
			knownRegions = (
				en,
				Base,
			);
			mainGroup = 2AE0A48526252C2400B30DF7;
			productRefGroup = 2AE0A48F26252C2400B30DF7 /* Products */;
			projectDirPath = "";
			projectRoot = "";
			targets = (
				2AE0A48D26252C2400B30DF7 /* pokemonList */,
				2AE0A49E26252C2700B30DF7 /* pokemonListTests */,
				2AE0A4A926252C2700B30DF7 /* pokemonListUITests */,
			);
		};
/* End PBXProject section */

/* Begin PBXResourcesBuildPhase section */
		2AE0A48C26252C2400B30DF7 /* Resources */ = {
			isa = PBXResourcesBuildPhase;
			buildActionMask = 2147483647;
			files = (
				2AE0A49926252C2700B30DF7 /* Preview Assets.xcassets in Resources */,
				2AE0A49626252C2700B30DF7 /* Assets.xcassets in Resources */,
			);
			runOnlyForDeploymentPostprocessing = 0;
		};
		2AE0A49D26252C2700B30DF7 /* Resources */ = {
			isa = PBXResourcesBuildPhase;
			buildActionMask = 2147483647;
			files = (
			);
			runOnlyForDeploymentPostprocessing = 0;
		};
		2AE0A4A826252C2700B30DF7 /* Resources */ = {
			isa = PBXResourcesBuildPhase;
			buildActionMask = 2147483647;
			files = (
			);
			runOnlyForDeploymentPostprocessing = 0;
		};
/* End PBXResourcesBuildPhase section */

/* Begin PBXSourcesBuildPhase section */
		2AE0A48A26252C2400B30DF7 /* Sources */ = {
			isa = PBXSourcesBuildPhase;
			buildActionMask = 2147483647;
			files = (
				2AE0A49426252C2400B30DF7 /* ContentView.swift in Sources */,
				2AE0A49226252C2400B30DF7 /* pokemonListApp.swift in Sources */,
				2AE0A4E826266D2400B30DF7 /* PokemonDetailService.swift in Sources */,
				2AE0A4DD2625328500B30DF7 /* PokemonDetailModel.swift in Sources */,
				2AE0A4C426252C4700B30DF7 /* PokemonService.swift in Sources */,
				2AE0A4D8262531C000B30DF7 /* PokemonListModel.swift in Sources */,
				2AE0A4E326266B6700B30DF7 /* PokemonDetailView.swift in Sources */,
				2AE0A4CD26252F7700B30DF7 /* PokemonResults.swift in Sources */,
			);
			runOnlyForDeploymentPostprocessing = 0;
		};
		2AE0A49B26252C2700B30DF7 /* Sources */ = {
			isa = PBXSourcesBuildPhase;
			buildActionMask = 2147483647;
			files = (
				2AE0A4A426252C2700B30DF7 /* pokemonListTests.swift in Sources */,
			);
			runOnlyForDeploymentPostprocessing = 0;
		};
		2AE0A4A626252C2700B30DF7 /* Sources */ = {
			isa = PBXSourcesBuildPhase;
			buildActionMask = 2147483647;
			files = (
				2AE0A4AF26252C2700B30DF7 /* pokemonListUITests.swift in Sources */,
			);
			runOnlyForDeploymentPostprocessing = 0;
		};
/* End PBXSourcesBuildPhase section */

/* Begin PBXTargetDependency section */
		2AE0A4A126252C2700B30DF7 /* PBXTargetDependency */ = {
			isa = PBXTargetDependency;
			target = 2AE0A48D26252C2400B30DF7 /* pokemonList */;
			targetProxy = 2AE0A4A026252C2700B30DF7 /* PBXContainerItemProxy */;
		};
		2AE0A4AC26252C2700B30DF7 /* PBXTargetDependency */ = {
			isa = PBXTargetDependency;
			target = 2AE0A48D26252C2400B30DF7 /* pokemonList */;
			targetProxy = 2AE0A4AB26252C2700B30DF7 /* PBXContainerItemProxy */;
		};
/* End PBXTargetDependency section */

/* Begin XCBuildConfiguration section */
		2AE0A4B126252C2700B30DF7 /* Debug */ = {
			isa = XCBuildConfiguration;
			buildSettings = {
				ALWAYS_SEARCH_USER_PATHS = NO;
				CLANG_ANALYZER_NONNULL = YES;
				CLANG_ANALYZER_NUMBER_OBJECT_CONVERSION = YES_AGGRESSIVE;
				CLANG_CXX_LANGUAGE_STANDARD = "gnu++14";
				CLANG_CXX_LIBRARY = "libc++";
				CLANG_ENABLE_MODULES = YES;
				CLANG_ENABLE_OBJC_ARC = YES;
				CLANG_ENABLE_OBJC_WEAK = YES;
				CLANG_WARN_BLOCK_CAPTURE_AUTORELEASING = YES;
				CLANG_WARN_BOOL_CONVERSION = YES;
				CLANG_WARN_COMMA = YES;
				CLANG_WARN_CONSTANT_CONVERSION = YES;
				CLANG_WARN_DEPRECATED_OBJC_IMPLEMENTATIONS = YES;
				CLANG_WARN_DIRECT_OBJC_ISA_USAGE = YES_ERROR;
				CLANG_WARN_DOCUMENTATION_COMMENTS = YES;
				CLANG_WARN_EMPTY_BODY = YES;
				CLANG_WARN_ENUM_CONVERSION = YES;
				CLANG_WARN_INFINITE_RECURSION = YES;
				CLANG_WARN_INT_CONVERSION = YES;
				CLANG_WARN_NON_LITERAL_NULL_CONVERSION = YES;
				CLANG_WARN_OBJC_IMPLICIT_RETAIN_SELF = YES;
				CLANG_WARN_OBJC_LITERAL_CONVERSION = YES;
				CLANG_WARN_OBJC_ROOT_CLASS = YES_ERROR;
				CLANG_WARN_QUOTED_INCLUDE_IN_FRAMEWORK_HEADER = YES;
				CLANG_WARN_RANGE_LOOP_ANALYSIS = YES;
				CLANG_WARN_STRICT_PROTOTYPES = YES;
				CLANG_WARN_SUSPICIOUS_MOVE = YES;
				CLANG_WARN_UNGUARDED_AVAILABILITY = YES_AGGRESSIVE;
				CLANG_WARN_UNREACHABLE_CODE = YES;
				CLANG_WARN__DUPLICATE_METHOD_MATCH = YES;
				COPY_PHASE_STRIP = NO;
				DEBUG_INFORMATION_FORMAT = dwarf;
				ENABLE_STRICT_OBJC_MSGSEND = YES;
				ENABLE_TESTABILITY = YES;
				GCC_C_LANGUAGE_STANDARD = gnu11;
				GCC_DYNAMIC_NO_PIC = NO;
				GCC_NO_COMMON_BLOCKS = YES;
				GCC_OPTIMIZATION_LEVEL = 0;
				GCC_PREPROCESSOR_DEFINITIONS = (
					"DEBUG=1",
					"$(inherited)",
				);
				GCC_WARN_64_TO_32_BIT_CONVERSION = YES;
				GCC_WARN_ABOUT_RETURN_TYPE = YES_ERROR;
				GCC_WARN_UNDECLARED_SELECTOR = YES;
				GCC_WARN_UNINITIALIZED_AUTOS = YES_AGGRESSIVE;
				GCC_WARN_UNUSED_FUNCTION = YES;
				GCC_WARN_UNUSED_VARIABLE = YES;
				IPHONEOS_DEPLOYMENT_TARGET = 14.4;
				MTL_ENABLE_DEBUG_INFO = INCLUDE_SOURCE;
				MTL_FAST_MATH = YES;
				ONLY_ACTIVE_ARCH = YES;
				SDKROOT = iphoneos;
				SWIFT_ACTIVE_COMPILATION_CONDITIONS = DEBUG;
				SWIFT_OPTIMIZATION_LEVEL = "-Onone";
			};
			name = Debug;
		};
		2AE0A4B226252C2700B30DF7 /* Release */ = {
			isa = XCBuildConfiguration;
			buildSettings = {
				ALWAYS_SEARCH_USER_PATHS = NO;
				CLANG_ANALYZER_NONNULL = YES;
				CLANG_ANALYZER_NUMBER_OBJECT_CONVERSION = YES_AGGRESSIVE;
				CLANG_CXX_LANGUAGE_STANDARD = "gnu++14";
				CLANG_CXX_LIBRARY = "libc++";
				CLANG_ENABLE_MODULES = YES;
				CLANG_ENABLE_OBJC_ARC = YES;
				CLANG_ENABLE_OBJC_WEAK = YES;
				CLANG_WARN_BLOCK_CAPTURE_AUTORELEASING = YES;
				CLANG_WARN_BOOL_CONVERSION = YES;
				CLANG_WARN_COMMA = YES;
				CLANG_WARN_CONSTANT_CONVERSION = YES;
				CLANG_WARN_DEPRECATED_OBJC_IMPLEMENTATIONS = YES;
				CLANG_WARN_DIRECT_OBJC_ISA_USAGE = YES_ERROR;
				CLANG_WARN_DOCUMENTATION_COMMENTS = YES;
				CLANG_WARN_EMPTY_BODY = YES;
				CLANG_WARN_ENUM_CONVERSION = YES;
				CLANG_WARN_INFINITE_RECURSION = YES;
				CLANG_WARN_INT_CONVERSION = YES;
				CLANG_WARN_NON_LITERAL_NULL_CONVERSION = YES;
				CLANG_WARN_OBJC_IMPLICIT_RETAIN_SELF = YES;
				CLANG_WARN_OBJC_LITERAL_CONVERSION = YES;
				CLANG_WARN_OBJC_ROOT_CLASS = YES_ERROR;
				CLANG_WARN_QUOTED_INCLUDE_IN_FRAMEWORK_HEADER = YES;
				CLANG_WARN_RANGE_LOOP_ANALYSIS = YES;
				CLANG_WARN_STRICT_PROTOTYPES = YES;
				CLANG_WARN_SUSPICIOUS_MOVE = YES;
				CLANG_WARN_UNGUARDED_AVAILABILITY = YES_AGGRESSIVE;
				CLANG_WARN_UNREACHABLE_CODE = YES;
				CLANG_WARN__DUPLICATE_METHOD_MATCH = YES;
				COPY_PHASE_STRIP = NO;
				DEBUG_INFORMATION_FORMAT = "dwarf-with-dsym";
				ENABLE_NS_ASSERTIONS = NO;
				ENABLE_STRICT_OBJC_MSGSEND = YES;
				GCC_C_LANGUAGE_STANDARD = gnu11;
				GCC_NO_COMMON_BLOCKS = YES;
				GCC_WARN_64_TO_32_BIT_CONVERSION = YES;
				GCC_WARN_ABOUT_RETURN_TYPE = YES_ERROR;
				GCC_WARN_UNDECLARED_SELECTOR = YES;
				GCC_WARN_UNINITIALIZED_AUTOS = YES_AGGRESSIVE;
				GCC_WARN_UNUSED_FUNCTION = YES;
				GCC_WARN_UNUSED_VARIABLE = YES;
				IPHONEOS_DEPLOYMENT_TARGET = 14.4;
				MTL_ENABLE_DEBUG_INFO = NO;
				MTL_FAST_MATH = YES;
				SDKROOT = iphoneos;
				SWIFT_COMPILATION_MODE = wholemodule;
				SWIFT_OPTIMIZATION_LEVEL = "-O";
				VALIDATE_PRODUCT = YES;
			};
			name = Release;
		};
		2AE0A4B426252C2700B30DF7 /* Debug */ = {
			isa = XCBuildConfiguration;
			buildSettings = {
				ASSETCATALOG_COMPILER_APPICON_NAME = AppIcon;
				ASSETCATALOG_COMPILER_GLOBAL_ACCENT_COLOR_NAME = AccentColor;
				CODE_SIGN_STYLE = Automatic;
				DEVELOPMENT_ASSET_PATHS = "\"pokemonList/Preview Content\"";
				ENABLE_PREVIEWS = YES;
				INFOPLIST_FILE = pokemonList/Info.plist;
				IPHONEOS_DEPLOYMENT_TARGET = 14.0;
				LD_RUNPATH_SEARCH_PATHS = (
					"$(inherited)",
					"@executable_path/Frameworks",
				);
				PRODUCT_BUNDLE_IDENTIFIER = com.juanrojas.pokemonList;
				PRODUCT_NAME = "$(TARGET_NAME)";
				SWIFT_VERSION = 5.0;
				TARGETED_DEVICE_FAMILY = "1,2";
			};
			name = Debug;
		};
		2AE0A4B526252C2700B30DF7 /* Release */ = {
			isa = XCBuildConfiguration;
			buildSettings = {
				ASSETCATALOG_COMPILER_APPICON_NAME = AppIcon;
				ASSETCATALOG_COMPILER_GLOBAL_ACCENT_COLOR_NAME = AccentColor;
				CODE_SIGN_STYLE = Automatic;
				DEVELOPMENT_ASSET_PATHS = "\"pokemonList/Preview Content\"";
				ENABLE_PREVIEWS = YES;
				INFOPLIST_FILE = pokemonList/Info.plist;
				IPHONEOS_DEPLOYMENT_TARGET = 14.0;
				LD_RUNPATH_SEARCH_PATHS = (
					"$(inherited)",
					"@executable_path/Frameworks",
				);
				PRODUCT_BUNDLE_IDENTIFIER = com.juanrojas.pokemonList;
				PRODUCT_NAME = "$(TARGET_NAME)";
				SWIFT_VERSION = 5.0;
				TARGETED_DEVICE_FAMILY = "1,2";
			};
			name = Release;
		};
		2AE0A4B726252C2700B30DF7 /* Debug */ = {
			isa = XCBuildConfiguration;
			buildSettings = {
				ALWAYS_EMBED_SWIFT_STANDARD_LIBRARIES = YES;
				BUNDLE_LOADER = "$(TEST_HOST)";
				CODE_SIGN_STYLE = Automatic;
				INFOPLIST_FILE = pokemonListTests/Info.plist;
				IPHONEOS_DEPLOYMENT_TARGET = 14.0;
				LD_RUNPATH_SEARCH_PATHS = (
					"$(inherited)",
					"@executable_path/Frameworks",
					"@loader_path/Frameworks",
				);
				PRODUCT_BUNDLE_IDENTIFIER = com.juanrojas.pokemonListTests;
				PRODUCT_NAME = "$(TARGET_NAME)";
				SWIFT_VERSION = 5.0;
				TARGETED_DEVICE_FAMILY = "1,2";
				TEST_HOST = "$(BUILT_PRODUCTS_DIR)/pokemonList.app/pokemonList";
			};
			name = Debug;
		};
		2AE0A4B826252C2700B30DF7 /* Release */ = {
			isa = XCBuildConfiguration;
			buildSettings = {
				ALWAYS_EMBED_SWIFT_STANDARD_LIBRARIES = YES;
				BUNDLE_LOADER = "$(TEST_HOST)";
				CODE_SIGN_STYLE = Automatic;
				INFOPLIST_FILE = pokemonListTests/Info.plist;
				IPHONEOS_DEPLOYMENT_TARGET = 14.0;
				LD_RUNPATH_SEARCH_PATHS = (
					"$(inherited)",
					"@executable_path/Frameworks",
					"@loader_path/Frameworks",
				);
				PRODUCT_BUNDLE_IDENTIFIER = com.juanrojas.pokemonListTests;
				PRODUCT_NAME = "$(TARGET_NAME)";
				SWIFT_VERSION = 5.0;
				TARGETED_DEVICE_FAMILY = "1,2";
				TEST_HOST = "$(BUILT_PRODUCTS_DIR)/pokemonList.app/pokemonList";
			};
			name = Release;
		};
		2AE0A4BA26252C2700B30DF7 /* Debug */ = {
			isa = XCBuildConfiguration;
			buildSettings = {
				ALWAYS_EMBED_SWIFT_STANDARD_LIBRARIES = YES;
				CODE_SIGN_STYLE = Automatic;
				INFOPLIST_FILE = pokemonListUITests/Info.plist;
				LD_RUNPATH_SEARCH_PATHS = (
					"$(inherited)",
					"@executable_path/Frameworks",
					"@loader_path/Frameworks",
				);
				PRODUCT_BUNDLE_IDENTIFIER = com.juanrojas.pokemonListUITests;
				PRODUCT_NAME = "$(TARGET_NAME)";
				SWIFT_VERSION = 5.0;
				TARGETED_DEVICE_FAMILY = "1,2";
				TEST_TARGET_NAME = pokemonList;
			};
			name = Debug;
		};
		2AE0A4BB26252C2700B30DF7 /* Release */ = {
			isa = XCBuildConfiguration;
			buildSettings = {
				ALWAYS_EMBED_SWIFT_STANDARD_LIBRARIES = YES;
				CODE_SIGN_STYLE = Automatic;
				INFOPLIST_FILE = pokemonListUITests/Info.plist;
				LD_RUNPATH_SEARCH_PATHS = (
					"$(inherited)",
					"@executable_path/Frameworks",
					"@loader_path/Frameworks",
				);
				PRODUCT_BUNDLE_IDENTIFIER = com.juanrojas.pokemonListUITests;
				PRODUCT_NAME = "$(TARGET_NAME)";
				SWIFT_VERSION = 5.0;
				TARGETED_DEVICE_FAMILY = "1,2";
				TEST_TARGET_NAME = pokemonList;
			};
			name = Release;
		};
/* End XCBuildConfiguration section */

/* Begin XCConfigurationList section */
		2AE0A48926252C2400B30DF7 /* Build configuration list for PBXProject "pokemonList" */ = {
			isa = XCConfigurationList;
			buildConfigurations = (
				2AE0A4B126252C2700B30DF7 /* Debug */,
				2AE0A4B226252C2700B30DF7 /* Release */,
			);
			defaultConfigurationIsVisible = 0;
			defaultConfigurationName = Release;
		};
		2AE0A4B326252C2700B30DF7 /* Build configuration list for PBXNativeTarget "pokemonList" */ = {
			isa = XCConfigurationList;
			buildConfigurations = (
				2AE0A4B426252C2700B30DF7 /* Debug */,
				2AE0A4B526252C2700B30DF7 /* Release */,
			);
			defaultConfigurationIsVisible = 0;
			defaultConfigurationName = Release;
		};
		2AE0A4B626252C2700B30DF7 /* Build configuration list for PBXNativeTarget "pokemonListTests" */ = {
			isa = XCConfigurationList;
			buildConfigurations = (
				2AE0A4B726252C2700B30DF7 /* Debug */,
				2AE0A4B826252C2700B30DF7 /* Release */,
			);
			defaultConfigurationIsVisible = 0;
			defaultConfigurationName = Release;
		};
		2AE0A4B926252C2700B30DF7 /* Build configuration list for PBXNativeTarget "pokemonListUITests" */ = {
			isa = XCConfigurationList;
			buildConfigurations = (
				2AE0A4BA26252C2700B30DF7 /* Debug */,
				2AE0A4BB26252C2700B30DF7 /* Release */,
			);
			defaultConfigurationIsVisible = 0;
			defaultConfigurationName = Release;
		};
/* End XCConfigurationList section */
	};
	rootObject = 2AE0A48626252C2400B30DF7 /* Project object */;
}
